<?xml version="1.0" encoding="utf-8"?>
<Project ToolsVersion="4.0" xmlns="http://schemas.microsoft.com/developer/msbuild/2003">
  <ItemGroup>
    <Filter Include="nodes">
      <UniqueIdentifier>{8e014e4d-7270-47da-8f6e-56826ef21831}</UniqueIdentifier>
    </Filter>
    <Filter Include="dataset">
      <UniqueIdentifier>{119faea4-0286-4ed1-aad3-25958867e376}</UniqueIdentifier>
    </Filter>
    <Filter Include="system">
      <UniqueIdentifier>{d2a6f069-4272-41df-abc7-ae5a4eed982d}</UniqueIdentifier>
    </Filter>
    <Filter Include="nodes\geometry">
      <UniqueIdentifier>{5d1a28a3-62c5-46d1-8a46-57a4ae60d491}</UniqueIdentifier>
    </Filter>
    <Filter Include="nodes\geometry\primitive">
      <UniqueIdentifier>{f58c101e-a98e-40ca-8f5e-b8266404484b}</UniqueIdentifier>
    </Filter>
    <Filter Include="nodes\geometry\manipulate">
      <UniqueIdentifier>{f030ff3f-7877-44cd-9c75-8aeb1dacfa3f}</UniqueIdentifier>
    </Filter>
    <Filter Include="nodes\geometry\utility">
      <UniqueIdentifier>{ba93cdbb-5854-41c6-83f2-0b62189eef29}</UniqueIdentifier>
    </Filter>
    <Filter Include="nodes\geometry\polygon">
      <UniqueIdentifier>{77594dd1-c4b6-4143-b93d-fa1d822447ff}</UniqueIdentifier>
    </Filter>
    <Filter Include="nodes\geometry\attribute">
      <UniqueIdentifier>{053f2cb9-efc0-4bb7-8e90-0d3d8a407ec7}</UniqueIdentifier>
    </Filter>
    <Filter Include="nodes\geometry\nurbs">
      <UniqueIdentifier>{0f422275-8213-4e24-bfdd-0562582a20b5}</UniqueIdentifier>
    </Filter>
  </ItemGroup>
  <ItemGroup>
    <ClInclude Include="..\..\..\include\everything\Node.h">
      <Filter>dataset</Filter>
    </ClInclude>
    <ClInclude Include="..\..\..\include\everything\Variable.h">
      <Filter>dataset</Filter>
    </ClInclude>
    <ClInclude Include="..\..\..\include\everything\VariableType.h">
      <Filter>dataset</Filter>
    </ClInclude>
    <ClInclude Include="..\..\..\include\everything\node\Curve.h">
      <Filter>nodes\geometry\primitive</Filter>
    </ClInclude>
    <ClInclude Include="..\..\..\include\everything\node\Box.h">
      <Filter>nodes\geometry\primitive</Filter>
    </ClInclude>
    <ClInclude Include="..\..\..\include\everything\Evaluator.h">
      <Filter>system</Filter>
    </ClInclude>
    <ClInclude Include="..\..\..\include\everything\node\Sphere.h">
      <Filter>nodes\geometry\primitive</Filter>
    </ClInclude>
    <ClInclude Include="..\..\..\include\everything\typedef.h" />
    <ClInclude Include="..\..\..\include\everything\Everything.h" />
    <ClInclude Include="..\..\..\include\everything\node\Transform.h">
      <Filter>nodes\geometry\manipulate</Filter>
    </ClInclude>
    <ClInclude Include="..\..\..\include\everything\node\Merge.h">
      <Filter>nodes\geometry\utility</Filter>
    </ClInclude>
    <ClInclude Include="..\..\..\include\everything\node\CopyToPoints.h">
      <Filter>nodes\geometry\utility</Filter>
    </ClInclude>
    <ClInclude Include="..\..\..\include\everything\node\PolyExtrude.h">
      <Filter>nodes\geometry\polygon</Filter>
    </ClInclude>
    <ClInclude Include="..\..\..\include\everything\node\Blast.h">
      <Filter>nodes\geometry\utility</Filter>
    </ClInclude>
    <ClInclude Include="..\..\..\include\everything\node\GroupCreate.h">
      <Filter>nodes\geometry\utility</Filter>
    </ClInclude>
    <ClInclude Include="..\..\..\include\everything\node\Boolean.h">
      <Filter>nodes\geometry\polygon</Filter>
    </ClInclude>
    <ClInclude Include="..\..\..\include\everything\TreeContext.h">
      <Filter>dataset</Filter>
    </ClInclude>
    <ClInclude Include="..\..\..\include\everything\node\Knife.h">
      <Filter>nodes\geometry\polygon</Filter>
    </ClInclude>
    <ClInclude Include="..\..\..\include\everything\node\Delete.h">
      <Filter>nodes\geometry\manipulate</Filter>
    </ClInclude>
    <ClInclude Include="..\..\..\include\everything\node\Add.h">
      <Filter>nodes\geometry\polygon</Filter>
    </ClInclude>
    <ClInclude Include="..\..\..\include\everything\node\Carve.h">
      <Filter>nodes\geometry\nurbs</Filter>
    </ClInclude>
    <ClInclude Include="..\..\..\include\everything\node\Line.h">
      <Filter>nodes\geometry\primitive</Filter>
    </ClInclude>
    <ClInclude Include="..\..\..\include\everything\node\Sort.h">
      <Filter>nodes\geometry\attribute</Filter>
    </ClInclude>
    <ClInclude Include="..\..\..\include\everything\Geometry.h">
      <Filter>dataset</Filter>
    </ClInclude>
    <ClInclude Include="..\..\..\include\everything\Expression.h">
      <Filter>system</Filter>
    </ClInclude>
  </ItemGroup>
  <ItemGroup>
    <ClCompile Include="..\..\..\source\Node.cpp">
      <Filter>dataset</Filter>
    </ClCompile>
    <ClCompile Include="..\..\..\source\RegistRTTR.cpp">
      <Filter>system</Filter>
    </ClCompile>
    <ClCompile Include="..\..\..\source\Evaluator.cpp">
      <Filter>system</Filter>
    </ClCompile>
    <ClCompile Include="..\..\..\source\node\Box.cpp">
      <Filter>nodes\geometry\primitive</Filter>
    </ClCompile>
    <ClCompile Include="..\..\..\source\node\Sphere.cpp">
      <Filter>nodes\geometry\primitive</Filter>
    </ClCompile>
    <ClCompile Include="..\..\..\source\Everything.cpp" />
    <ClCompile Include="..\..\..\source\node\Transform.cpp">
      <Filter>nodes\geometry\manipulate</Filter>
    </ClCompile>
    <ClCompile Include="..\..\..\source\node\GroupCreate.cpp">
      <Filter>nodes\geometry\utility</Filter>
    </ClCompile>
    <ClCompile Include="..\..\..\source\node\Blast.cpp">
      <Filter>nodes\geometry\utility</Filter>
    </ClCompile>
    <ClCompile Include="..\..\..\source\node\CopyToPoints.cpp">
      <Filter>nodes\geometry\utility</Filter>
    </ClCompile>
    <ClCompile Include="..\..\..\source\node\Merge.cpp">
      <Filter>nodes\geometry\utility</Filter>
    </ClCompile>
    <ClCompile Include="..\..\..\source\node\PolyExtrude.cpp">
      <Filter>nodes\geometry\polygon</Filter>
    </ClCompile>
    <ClCompile Include="..\..\..\source\node\Boolean.cpp">
      <Filter>nodes\geometry\polygon</Filter>
    </ClCompile>
    <ClCompile Include="..\..\..\source\TreeContext.cpp">
      <Filter>dataset</Filter>
    </ClCompile>
    <ClCompile Include="..\..\..\source\node\Knife.cpp">
      <Filter>nodes\geometry\polygon</Filter>
    </ClCompile>
    <ClCompile Include="..\..\..\source\node\Delete.cpp">
      <Filter>nodes\geometry\manipulate</Filter>
    </ClCompile>
    <ClCompile Include="..\..\..\source\node\Add.cpp">
      <Filter>nodes\geometry\polygon</Filter>
    </ClCompile>
    <ClCompile Include="..\..\..\source\node\Carve.cpp">
      <Filter>nodes\geometry\nurbs</Filter>
    </ClCompile>
    <ClCompile Include="..\..\..\source\node\Line.cpp">
      <Filter>nodes\geometry\primitive</Filter>
    </ClCompile>
    <ClCompile Include="..\..\..\source\node\Sort.cpp">
      <Filter>nodes\geometry\attribute</Filter>
    </ClCompile>
    <ClCompile Include="..\..\..\source\node\Curve.cpp">
      <Filter>nodes\geometry\primitive</Filter>
    </ClCompile>
    <ClCompile Include="..\..\..\source\Geometry.cpp">
      <Filter>dataset</Filter>
    </ClCompile>
    <ClCompile Include="..\..\..\source\Expression.cpp">
      <Filter>system</Filter>
    </ClCompile>
  </ItemGroup>
</Project>