<?xml version="1.0" encoding="utf-8"?>
<Project ToolsVersion="4.0" xmlns="http://schemas.microsoft.com/developer/msbuild/2003">
  <ItemGroup>
    <Filter Include="nodes">
      <UniqueIdentifier>{8e014e4d-7270-47da-8f6e-56826ef21831}</UniqueIdentifier>
    </Filter>
    <Filter Include="dataset">
      <UniqueIdentifier>{119faea4-0286-4ed1-aad3-25958867e376}</UniqueIdentifier>
    </Filter>
    <Filter Include="dataset\node">
      <UniqueIdentifier>{dd04b857-ea2f-4c23-b7b1-883a61f5a1d6}</UniqueIdentifier>
    </Filter>
    <Filter Include="eval">
      <UniqueIdentifier>{d2a6f069-4272-41df-abc7-ae5a4eed982d}</UniqueIdentifier>
    </Filter>
    <Filter Include="nodes\attribute">
      <UniqueIdentifier>{053f2cb9-efc0-4bb7-8e90-0d3d8a407ec7}</UniqueIdentifier>
    </Filter>
    <Filter Include="nodes\group">
      <UniqueIdentifier>{fffed165-0a5e-44cf-987f-706769cbea8c}</UniqueIdentifier>
    </Filter>
    <Filter Include="nodes\manipulate">
      <UniqueIdentifier>{f030ff3f-7877-44cd-9c75-8aeb1dacfa3f}</UniqueIdentifier>
    </Filter>
    <Filter Include="nodes\material">
      <UniqueIdentifier>{0d24f5ea-67c1-4b80-bc41-c9c3c5b750a9}</UniqueIdentifier>
    </Filter>
    <Filter Include="nodes\nurbs">
      <UniqueIdentifier>{0f422275-8213-4e24-bfdd-0562582a20b5}</UniqueIdentifier>
    </Filter>
    <Filter Include="nodes\polygon">
      <UniqueIdentifier>{77594dd1-c4b6-4143-b93d-fa1d822447ff}</UniqueIdentifier>
    </Filter>
    <Filter Include="nodes\primitive">
      <UniqueIdentifier>{f58c101e-a98e-40ca-8f5e-b8266404484b}</UniqueIdentifier>
    </Filter>
    <Filter Include="nodes\utility">
      <UniqueIdentifier>{ba93cdbb-5854-41c6-83f2-0b62189eef29}</UniqueIdentifier>
    </Filter>
    <Filter Include="serialize">
      <UniqueIdentifier>{a3e15baf-4aee-45aa-a51f-2494595084e6}</UniqueIdentifier>
    </Filter>
    <Filter Include="serialize\python">
      <UniqueIdentifier>{5b9a0881-0262-4d67-90c8-7b2c2b954331}</UniqueIdentifier>
    </Filter>
    <Filter Include="nodes\primitive\extern">
      <UniqueIdentifier>{96c2271c-d891-431e-8581-db8fd9dca2d7}</UniqueIdentifier>
    </Filter>
    <Filter Include="nodes\import">
      <UniqueIdentifier>{bb5344ed-18b8-4369-baa4-9eed4ba3b6e7}</UniqueIdentifier>
    </Filter>
    <Filter Include="nodes\rigging">
      <UniqueIdentifier>{5c508275-c4a4-496e-b4ca-164d3d3cc863}</UniqueIdentifier>
    </Filter>
    <Filter Include="dataset\parameters">
      <UniqueIdentifier>{6d52b5e1-9159-465a-be04-ae206f8e7160}</UniqueIdentifier>
    </Filter>
    <Filter Include="dataset\geometry">
      <UniqueIdentifier>{3703ebce-0a43-46bf-aeb7-78836f68201a}</UniqueIdentifier>
    </Filter>
    <Filter Include="dataset\geometry\attr">
      <UniqueIdentifier>{e81dd3f7-2de2-4311-91ae-af539aaa2660}</UniqueIdentifier>
    </Filter>
    <Filter Include="dataset\geometry\adaptor">
      <UniqueIdentifier>{49bd061c-a85d-436e-8c86-d8fcc6879442}</UniqueIdentifier>
    </Filter>
    <Filter Include="dataset\geometry\group">
      <UniqueIdentifier>{04b93520-b309-47cd-bb35-7c058d3e4e8b}</UniqueIdentifier>
    </Filter>
    <Filter Include="tools">
      <UniqueIdentifier>{7336f7a8-4519-45c4-9358-12e620238c03}</UniqueIdentifier>
    </Filter>
  </ItemGroup>
  <ItemGroup>
    <ClInclude Include="..\..\..\include\sop\node\Curve.h">
      <Filter>nodes\primitive</Filter>
    </ClInclude>
    <ClInclude Include="..\..\..\include\sop\node\Box.h">
      <Filter>nodes\primitive</Filter>
    </ClInclude>
    <ClInclude Include="..\..\..\include\sop\Evaluator.h">
      <Filter>eval</Filter>
    </ClInclude>
    <ClInclude Include="..\..\..\include\sop\node\Sphere.h">
      <Filter>nodes\primitive</Filter>
    </ClInclude>
    <ClInclude Include="..\..\..\include\sop\typedef.h" />
    <ClInclude Include="..\..\..\include\sop\node\Transform.h">
      <Filter>nodes\manipulate</Filter>
    </ClInclude>
    <ClInclude Include="..\..\..\include\sop\node\Merge.h">
      <Filter>nodes\utility</Filter>
    </ClInclude>
    <ClInclude Include="..\..\..\include\sop\node\CopyToPoints.h">
      <Filter>nodes\utility</Filter>
    </ClInclude>
    <ClInclude Include="..\..\..\include\sop\node\PolyExtrude.h">
      <Filter>nodes\polygon</Filter>
    </ClInclude>
    <ClInclude Include="..\..\..\include\sop\node\Blast.h">
      <Filter>nodes\utility</Filter>
    </ClInclude>
    <ClInclude Include="..\..\..\include\sop\node\Boolean.h">
      <Filter>nodes\polygon</Filter>
    </ClInclude>
    <ClInclude Include="..\..\..\include\sop\node\Knife.h">
      <Filter>nodes\polygon</Filter>
    </ClInclude>
    <ClInclude Include="..\..\..\include\sop\node\Delete.h">
      <Filter>nodes\manipulate</Filter>
    </ClInclude>
    <ClInclude Include="..\..\..\include\sop\node\Add.h">
      <Filter>nodes\polygon</Filter>
    </ClInclude>
    <ClInclude Include="..\..\..\include\sop\node\Carve.h">
      <Filter>nodes\nurbs</Filter>
    </ClInclude>
    <ClInclude Include="..\..\..\include\sop\node\Line.h">
      <Filter>nodes\primitive</Filter>
    </ClInclude>
    <ClInclude Include="..\..\..\include\sop\node\Sort.h">
      <Filter>nodes\attribute</Filter>
    </ClInclude>
    <ClInclude Include="..\..\..\include\sop\node\Switch.h">
      <Filter>nodes\utility</Filter>
    </ClInclude>
    <ClInclude Include="..\..\..\include\sop\Node.h">
      <Filter>dataset\node</Filter>
    </ClInclude>
    <ClInclude Include="..\..\..\include\sop\NodeVarType.h">
      <Filter>dataset\node</Filter>
    </ClInclude>
    <ClInclude Include="..\..\..\include\sop\node\ForeachPrimBegin.h">
      <Filter>nodes\utility</Filter>
    </ClInclude>
    <ClInclude Include="..\..\..\include\sop\NodeHelper.h">
      <Filter>tools</Filter>
    </ClInclude>
    <ClInclude Include="..\..\..\include\sop\GeometryImpl.h">
      <Filter>dataset\geometry</Filter>
    </ClInclude>
    <ClInclude Include="..\..\..\include\sop\VexFuncs.h">
      <Filter>eval</Filter>
    </ClInclude>
    <ClInclude Include="..\..\..\include\sop\EvalContext.h">
      <Filter>eval</Filter>
    </ClInclude>
    <ClInclude Include="..\..\..\include\sop\node\GroupCreate.h">
      <Filter>nodes\group</Filter>
    </ClInclude>
    <ClInclude Include="..\..\..\include\sop\node\GroupExpression.h">
      <Filter>nodes\group</Filter>
    </ClInclude>
    <ClInclude Include="..\..\..\include\sop\node\Null.h">
      <Filter>nodes\utility</Filter>
    </ClInclude>
    <ClInclude Include="..\..\..\include\sop\node\PolyFill.h">
      <Filter>nodes\polygon</Filter>
    </ClInclude>
    <ClInclude Include="..\..\..\include\sop\node\Measure.h">
      <Filter>nodes\attribute</Filter>
    </ClInclude>
    <ClInclude Include="..\..\..\include\sop\node\Normal.h">
      <Filter>nodes\polygon</Filter>
    </ClInclude>
    <ClInclude Include="..\..\..\include\sop\GeoAttribute.h">
      <Filter>dataset\geometry\attr</Filter>
    </ClInclude>
    <ClInclude Include="..\..\..\include\sop\GeoAdaptor.h">
      <Filter>dataset\geometry\adaptor</Filter>
    </ClInclude>
    <ClInclude Include="..\..\..\include\sop\Group.h">
      <Filter>dataset\geometry\group</Filter>
    </ClInclude>
    <ClInclude Include="..\..\..\include\sop\GroupMgr.h">
      <Filter>dataset\geometry\group</Filter>
    </ClInclude>
    <ClInclude Include="..\..\..\include\sop\node\Color.h">
      <Filter>nodes\material</Filter>
    </ClInclude>
    <ClInclude Include="..\..\..\include\sop\node\Fuse.h">
      <Filter>nodes\polygon</Filter>
    </ClInclude>
    <ClInclude Include="..\..\..\include\sop\GroupRebuild.h">
      <Filter>dataset\geometry\group</Filter>
    </ClInclude>
    <ClInclude Include="..\..\..\include\sop\GeoAttrRebuild.h">
      <Filter>dataset\geometry\attr</Filter>
    </ClInclude>
    <ClInclude Include="..\..\..\include\sop\node\AttributeWrangle.h">
      <Filter>nodes\attribute</Filter>
    </ClInclude>
    <ClInclude Include="..\..\..\include\sop\node\Primitive.h">
      <Filter>nodes\primitive</Filter>
    </ClInclude>
    <ClInclude Include="..\..\..\include\sop\SOP.h" />
    <ClInclude Include="..\..\..\include\sop\CompTopoPolyline.h">
      <Filter>dataset\geometry\adaptor</Filter>
    </ClInclude>
    <ClInclude Include="..\..\..\include\sop\geo_attr_cfg.h">
      <Filter>dataset\geometry\attr</Filter>
    </ClInclude>
    <ClInclude Include="..\..\..\include\sop\GeoAttrDefine.h">
      <Filter>dataset\geometry\attr</Filter>
    </ClInclude>
    <ClInclude Include="..\..\..\include\sop\node\AttributeCreate.h">
      <Filter>nodes\attribute</Filter>
    </ClInclude>
    <ClInclude Include="..\..\..\include\sop\GeoAttrClass.h">
      <Filter>dataset\geometry\attr</Filter>
    </ClInclude>
    <ClInclude Include="..\..\..\include\sop\node\GroupPromote.h">
      <Filter>nodes\group</Filter>
    </ClInclude>
    <ClInclude Include="..\..\..\include\sop\node\PolyFrame.h">
      <Filter>nodes\polygon</Filter>
    </ClInclude>
    <ClInclude Include="..\..\..\include\sop\PyLoader.h">
      <Filter>serialize\python</Filter>
    </ClInclude>
    <ClInclude Include="..\..\..\include\sop\node\AttributeTransfer.h">
      <Filter>nodes\attribute</Filter>
    </ClInclude>
    <ClInclude Include="..\..\..\include\sop\VarBuffer.h">
      <Filter>eval</Filter>
    </ClInclude>
    <ClInclude Include="..\..\..\include\sop\node\Split.h">
      <Filter>nodes\utility</Filter>
    </ClInclude>
    <ClInclude Include="..\..\..\include\sop\node\Output.h">
      <Filter>nodes\utility</Filter>
    </ClInclude>
    <ClInclude Include="..\..\..\include\sop\node\Peak.h">
      <Filter>nodes\manipulate</Filter>
    </ClInclude>
    <ClInclude Include="..\..\..\include\sop\node\UVUnwrap.h">
      <Filter>nodes\material</Filter>
    </ClInclude>
    <ClInclude Include="..\..\..\include\sop\node\Grid.h">
      <Filter>nodes\primitive</Filter>
    </ClInclude>
    <ClInclude Include="..\..\..\include\sop\node\File.h">
      <Filter>nodes\import</Filter>
    </ClInclude>
    <ClInclude Include="..\..\..\include\sop\node\UVLayout.h">
      <Filter>nodes\material</Filter>
    </ClInclude>
    <ClInclude Include="..\..\..\include\sop\GeogramHelper.h">
      <Filter>tools</Filter>
    </ClInclude>
    <ClInclude Include="..\..\..\include\sop\node\AttributePromote.h">
      <Filter>nodes\attribute</Filter>
    </ClInclude>
    <ClInclude Include="..\..\..\include\sop\node\UVTransform.h">
      <Filter>nodes\material</Filter>
    </ClInclude>
    <ClInclude Include="..\..\..\include\sop\node\UVQuickShade.h">
      <Filter>nodes\material</Filter>
    </ClInclude>
    <ClInclude Include="..\..\..\include\sop\node\Dungeon.h">
      <Filter>nodes\primitive\extern</Filter>
    </ClInclude>
    <ClInclude Include="..\..\..\include\sop\PyParmTemplate.h">
      <Filter>serialize\python</Filter>
    </ClInclude>
    <ClInclude Include="..\..\..\include\sop\PyCommonTypes.h">
      <Filter>serialize\python</Filter>
    </ClInclude>
    <ClInclude Include="..\..\..\include\sop\PyNodeProxy.h">
      <Filter>serialize\python</Filter>
    </ClInclude>
    <ClInclude Include="..\..\..\include\sop\node\ObjectMerge.h">
      <Filter>nodes\import</Filter>
    </ClInclude>
    <ClInclude Include="..\..\..\include\sop\node\Lattice.h">
      <Filter>nodes\rigging</Filter>
    </ClInclude>
    <ClInclude Include="..\..\..\include\sop\node\Divide.h">
      <Filter>nodes\polygon</Filter>
    </ClInclude>
    <ClInclude Include="..\..\..\include\sop\node\Python.h">
      <Filter>nodes\utility</Filter>
    </ClInclude>
    <ClInclude Include="..\..\..\include\sop\PyParmValue.h">
      <Filter>serialize\python</Filter>
    </ClInclude>
    <ClInclude Include="..\..\..\include\sop\node\AttributeVOP.h">
      <Filter>nodes\attribute</Filter>
    </ClInclude>
    <ClInclude Include="..\..\..\include\sop\ParmType.h">
      <Filter>dataset\parameters</Filter>
    </ClInclude>
    <ClInclude Include="..\..\..\include\sop\node\Box.parm.h">
      <Filter>nodes\primitive</Filter>
    </ClInclude>
    <ClInclude Include="..\..\..\include\sop\node_parms_gen.h">
      <Filter>dataset\parameters</Filter>
    </ClInclude>
    <ClInclude Include="..\..\..\include\sop\NodeParmsMgr.h">
      <Filter>dataset\parameters</Filter>
    </ClInclude>
    <ClInclude Include="..\..\..\include\sop\RTTRInfo.h">
      <Filter>tools</Filter>
    </ClInclude>
    <ClInclude Include="..\..\..\include\sop\rttr_prop_gen.h">
      <Filter>dataset\parameters</Filter>
    </ClInclude>
    <ClInclude Include="..\..\..\include\sop\node\Sort.parm.h">
      <Filter>nodes\attribute</Filter>
    </ClInclude>
    <ClInclude Include="..\..\..\include\sop\node\Peak.parm.h">
      <Filter>nodes\manipulate</Filter>
    </ClInclude>
    <ClInclude Include="..\..\..\include\sop\node\Transform.parm.h">
      <Filter>nodes\manipulate</Filter>
    </ClInclude>
    <ClInclude Include="..\..\..\include\sop\node\UVTransform.parm.h">
      <Filter>nodes\material</Filter>
    </ClInclude>
    <ClInclude Include="..\..\..\include\sop\node\Carve.parm.h">
      <Filter>nodes\nurbs</Filter>
    </ClInclude>
    <ClInclude Include="..\..\..\include\sop\node\Knife.parm.h">
      <Filter>nodes\polygon</Filter>
    </ClInclude>
    <ClInclude Include="..\..\..\include\sop\node\Line.parm.h">
      <Filter>nodes\primitive</Filter>
    </ClInclude>
    <ClInclude Include="..\..\..\include\sop\node\Primitive.parm.h">
      <Filter>nodes\primitive</Filter>
    </ClInclude>
    <ClInclude Include="..\..\..\include\sop\node\Switch.parm.h">
      <Filter>nodes\utility</Filter>
    </ClInclude>
    <ClInclude Include="..\..\..\include\sop\node\Blast.parm.h">
      <Filter>nodes\utility</Filter>
    </ClInclude>
    <ClInclude Include="..\..\..\include\sop\node\Delete.parm.h">
      <Filter>nodes\manipulate</Filter>
    </ClInclude>
    <ClInclude Include="..\..\..\include\sop\node\CopyToPoints.parm.h">
      <Filter>nodes\utility</Filter>
    </ClInclude>
    <ClInclude Include="..\..\..\include\sop\node\ForeachPrimEnd.h">
      <Filter>nodes\utility</Filter>
    </ClInclude>
    <ClInclude Include="..\..\..\include\sop\node\ForeachPrimEnd.parm.h">
      <Filter>nodes\utility</Filter>
    </ClInclude>
    <ClInclude Include="..\..\..\include\sop\node\Measure.parm.h">
      <Filter>nodes\attribute</Filter>
    </ClInclude>
    <ClInclude Include="..\..\..\include\sop\node\ForeachPrimBegin.parm.h">
      <Filter>nodes\utility</Filter>
    </ClInclude>
    <ClInclude Include="..\..\..\include\sop\node\Fuse.parm.h">
      <Filter>nodes\polygon</Filter>
    </ClInclude>
    <ClInclude Include="..\..\..\include\sop\node\AttributePromote.parm.h">
      <Filter>nodes\attribute</Filter>
    </ClInclude>
    <ClInclude Include="..\..\..\include\sop\node\GroupExpression.parm.h">
      <Filter>nodes\group</Filter>
    </ClInclude>
    <ClInclude Include="..\..\..\include\sop\node\Normal.parm.h">
      <Filter>nodes\polygon</Filter>
    </ClInclude>
    <ClInclude Include="..\..\..\include\sop\node\PolyExtrude.parm.h">
      <Filter>nodes\polygon</Filter>
    </ClInclude>
    <ClInclude Include="..\..\..\include\sop\node\PolyFrame.parm.h">
      <Filter>nodes\polygon</Filter>
    </ClInclude>
    <ClInclude Include="..\..\..\include\sop\node\AttributeWrangle.parm.h">
      <Filter>nodes\attribute</Filter>
    </ClInclude>
    <ClInclude Include="..\..\..\include\sop\node\PolyFill.parm.h">
      <Filter>nodes\polygon</Filter>
    </ClInclude>
    <ClInclude Include="..\..\..\include\sop\node\UVUnwrap.parm.h">
      <Filter>nodes\material</Filter>
    </ClInclude>
    <ClInclude Include="..\..\..\include\sop\node\Split.parm.h">
      <Filter>nodes\utility</Filter>
    </ClInclude>
    <ClInclude Include="..\..\..\include\sop\node\Output.parm.h">
      <Filter>nodes\utility</Filter>
    </ClInclude>
    <ClInclude Include="..\..\..\include\sop\node\Python.parm.h">
      <Filter>nodes\utility</Filter>
    </ClInclude>
    <ClInclude Include="..\..\..\include\sop\node\Add.parm.h">
      <Filter>nodes\polygon</Filter>
    </ClInclude>
    <ClInclude Include="..\..\..\include\sop\node\GroupPromote.parm.h">
      <Filter>nodes\group</Filter>
    </ClInclude>
    <ClInclude Include="..\..\..\include\sop\node\AttributeCreate.parm.h">
      <Filter>nodes\attribute</Filter>
    </ClInclude>
    <ClInclude Include="..\..\..\include\sop\Widgets.h">
      <Filter>dataset\parameters</Filter>
    </ClInclude>
    <ClInclude Include="..\..\..\include\sop\node\Divide.parm.h">
      <Filter>nodes\polygon</Filter>
    </ClInclude>
    <ClInclude Include="..\..\..\include\sop\node\Boolean.parm.h">
      <Filter>nodes\polygon</Filter>
    </ClInclude>
    <ClInclude Include="..\..\..\include\sop\node\Color.parm.h">
      <Filter>nodes\material</Filter>
    </ClInclude>
    <ClInclude Include="..\..\..\include\sop\node\AttributeTransfer.parm.h">
      <Filter>nodes\attribute</Filter>
    </ClInclude>
    <ClInclude Include="..\..\..\include\sop\node\ObjectMerge.parm.h">
      <Filter>nodes\import</Filter>
    </ClInclude>
    <ClInclude Include="..\..\..\include\sop\node\File.parm.h">
      <Filter>nodes\import</Filter>
    </ClInclude>
    <ClInclude Include="..\..\..\include\sop\node\UVQuickShade.parm.h">
      <Filter>nodes\material</Filter>
    </ClInclude>
    <ClInclude Include="..\..\..\include\sop\node\Dungeon.parm.h">
      <Filter>nodes\primitive\extern</Filter>
    </ClInclude>
    <ClInclude Include="..\..\..\include\sop\node\Grid.parm.h">
      <Filter>nodes\primitive</Filter>
    </ClInclude>
    <ClInclude Include="..\..\..\include\sop\ParmList.h">
      <Filter>dataset\parameters</Filter>
    </ClInclude>
    <ClInclude Include="..\..\..\include\sop\parm_cfg.h">
      <Filter>dataset\parameters</Filter>
    </ClInclude>
    <ClInclude Include="..\..\..\include\sop\node\Subnetwork.h">
      <Filter>nodes\utility</Filter>
    </ClInclude>
  </ItemGroup>
  <ItemGroup>
    <ClCompile Include="..\..\..\source\Evaluator.cpp">
      <Filter>eval</Filter>
    </ClCompile>
    <ClCompile Include="..\..\..\source\node\Box.cpp">
      <Filter>nodes\primitive</Filter>
    </ClCompile>
    <ClCompile Include="..\..\..\source\node\Sphere.cpp">
      <Filter>nodes\primitive</Filter>
    </ClCompile>
    <ClCompile Include="..\..\..\source\node\Transform.cpp">
      <Filter>nodes\manipulate</Filter>
    </ClCompile>
    <ClCompile Include="..\..\..\source\node\Blast.cpp">
      <Filter>nodes\utility</Filter>
    </ClCompile>
    <ClCompile Include="..\..\..\source\node\CopyToPoints.cpp">
      <Filter>nodes\utility</Filter>
    </ClCompile>
    <ClCompile Include="..\..\..\source\node\Merge.cpp">
      <Filter>nodes\utility</Filter>
    </ClCompile>
    <ClCompile Include="..\..\..\source\node\PolyExtrude.cpp">
      <Filter>nodes\polygon</Filter>
    </ClCompile>
    <ClCompile Include="..\..\..\source\node\Boolean.cpp">
      <Filter>nodes\polygon</Filter>
    </ClCompile>
    <ClCompile Include="..\..\..\source\node\Knife.cpp">
      <Filter>nodes\polygon</Filter>
    </ClCompile>
    <ClCompile Include="..\..\..\source\node\Delete.cpp">
      <Filter>nodes\manipulate</Filter>
    </ClCompile>
    <ClCompile Include="..\..\..\source\node\Add.cpp">
      <Filter>nodes\polygon</Filter>
    </ClCompile>
    <ClCompile Include="..\..\..\source\node\Carve.cpp">
      <Filter>nodes\nurbs</Filter>
    </ClCompile>
    <ClCompile Include="..\..\..\source\node\Line.cpp">
      <Filter>nodes\primitive</Filter>
    </ClCompile>
    <ClCompile Include="..\..\..\source\node\Sort.cpp">
      <Filter>nodes\attribute</Filter>
    </ClCompile>
    <ClCompile Include="..\..\..\source\node\Curve.cpp">
      <Filter>nodes\primitive</Filter>
    </ClCompile>
    <ClCompile Include="..\..\..\source\node\Switch.cpp">
      <Filter>nodes\utility</Filter>
    </ClCompile>
    <ClCompile Include="..\..\..\source\Node.cpp">
      <Filter>dataset\node</Filter>
    </ClCompile>
    <ClCompile Include="..\..\..\source\NodeHelper.cpp">
      <Filter>tools</Filter>
    </ClCompile>
    <ClCompile Include="..\..\..\source\GeometryImpl.cpp">
      <Filter>dataset\geometry</Filter>
    </ClCompile>
    <ClCompile Include="..\..\..\source\VexFuncs.cpp">
      <Filter>eval</Filter>
    </ClCompile>
    <ClCompile Include="..\..\..\source\RegistRTTR.cpp">
      <Filter>tools</Filter>
    </ClCompile>
    <ClCompile Include="..\..\..\source\node\GroupCreate.cpp">
      <Filter>nodes\group</Filter>
    </ClCompile>
    <ClCompile Include="..\..\..\source\node\GroupExpression.cpp">
      <Filter>nodes\group</Filter>
    </ClCompile>
    <ClCompile Include="..\..\..\source\node\Null.cpp">
      <Filter>nodes\utility</Filter>
    </ClCompile>
    <ClCompile Include="..\..\..\source\node\PolyFill.cpp">
      <Filter>nodes\polygon</Filter>
    </ClCompile>
    <ClCompile Include="..\..\..\source\node\Measure.cpp">
      <Filter>nodes\attribute</Filter>
    </ClCompile>
    <ClCompile Include="..\..\..\source\node\Normal.cpp">
      <Filter>nodes\polygon</Filter>
    </ClCompile>
    <ClCompile Include="..\..\..\source\GeoAttribute.cpp">
      <Filter>dataset\geometry\attr</Filter>
    </ClCompile>
    <ClCompile Include="..\..\..\source\GeoAdaptor.cpp">
      <Filter>dataset\geometry\adaptor</Filter>
    </ClCompile>
    <ClCompile Include="..\..\..\source\GroupMgr.cpp">
      <Filter>dataset\geometry\group</Filter>
    </ClCompile>
    <ClCompile Include="..\..\..\source\node\Color.cpp">
      <Filter>nodes\material</Filter>
    </ClCompile>
    <ClCompile Include="..\..\..\source\node\Fuse.cpp">
      <Filter>nodes\polygon</Filter>
    </ClCompile>
    <ClCompile Include="..\..\..\source\GroupRebuild.cpp">
      <Filter>dataset\geometry\group</Filter>
    </ClCompile>
    <ClCompile Include="..\..\..\source\GeoAttrRebuild.cpp">
      <Filter>dataset\geometry\attr</Filter>
    </ClCompile>
    <ClCompile Include="..\..\..\source\node\AttributeWrangle.cpp">
      <Filter>nodes\attribute</Filter>
    </ClCompile>
    <ClCompile Include="..\..\..\source\node\Primitive.cpp">
      <Filter>nodes\primitive</Filter>
    </ClCompile>
    <ClCompile Include="..\..\..\source\SOP.cpp" />
    <ClCompile Include="..\..\..\source\CompTopoPolyline.cpp">
      <Filter>dataset\geometry\adaptor</Filter>
    </ClCompile>
    <ClCompile Include="..\..\..\source\node\AttributeCreate.cpp">
      <Filter>nodes\attribute</Filter>
    </ClCompile>
    <ClCompile Include="..\..\..\source\node\GroupPromote.cpp">
      <Filter>nodes\group</Filter>
    </ClCompile>
    <ClCompile Include="..\..\..\source\Group.cpp">
      <Filter>dataset\geometry\group</Filter>
    </ClCompile>
    <ClCompile Include="..\..\..\source\node\PolyFrame.cpp">
      <Filter>nodes\polygon</Filter>
    </ClCompile>
    <ClCompile Include="..\..\..\source\PyLoader.cpp">
      <Filter>serialize\python</Filter>
    </ClCompile>
    <ClCompile Include="..\..\..\source\node\AttributeTransfer.cpp">
      <Filter>nodes\attribute</Filter>
    </ClCompile>
    <ClCompile Include="..\..\..\source\node\Split.cpp">
      <Filter>nodes\utility</Filter>
    </ClCompile>
    <ClCompile Include="..\..\..\source\node\Output.cpp">
      <Filter>nodes\utility</Filter>
    </ClCompile>
    <ClCompile Include="..\..\..\source\node\Peak.cpp">
      <Filter>nodes\manipulate</Filter>
    </ClCompile>
    <ClCompile Include="..\..\..\source\node\UVUnwrap.cpp">
      <Filter>nodes\material</Filter>
    </ClCompile>
    <ClCompile Include="..\..\..\source\node\Grid.cpp">
      <Filter>nodes\primitive</Filter>
    </ClCompile>
    <ClCompile Include="..\..\..\source\node\File.cpp">
      <Filter>nodes\import</Filter>
    </ClCompile>
    <ClCompile Include="..\..\..\source\node\UVLayout.cpp">
      <Filter>nodes\material</Filter>
    </ClCompile>
    <ClCompile Include="..\..\..\source\GeogramHelper.cpp">
      <Filter>tools</Filter>
    </ClCompile>
    <ClCompile Include="..\..\..\source\node\AttributePromote.cpp">
      <Filter>nodes\attribute</Filter>
    </ClCompile>
    <ClCompile Include="..\..\..\source\node\UVTransform.cpp">
      <Filter>nodes\material</Filter>
    </ClCompile>
    <ClCompile Include="..\..\..\source\node\UVQuickShade.cpp">
      <Filter>nodes\material</Filter>
    </ClCompile>
    <ClCompile Include="..\..\..\source\node\Dungeon.cpp">
      <Filter>nodes\primitive\extern</Filter>
    </ClCompile>
    <ClCompile Include="..\..\..\source\PyParmTemplate.cpp">
      <Filter>serialize\python</Filter>
    </ClCompile>
    <ClCompile Include="..\..\..\source\PyCommonTypes.cpp">
      <Filter>serialize\python</Filter>
    </ClCompile>
    <ClCompile Include="..\..\..\source\PyNodeProxy.cpp">
      <Filter>serialize\python</Filter>
    </ClCompile>
    <ClCompile Include="..\..\..\source\node\ObjectMerge.cpp">
      <Filter>nodes\import</Filter>
    </ClCompile>
    <ClCompile Include="..\..\..\source\node\Lattice.cpp">
      <Filter>nodes\rigging</Filter>
    </ClCompile>
    <ClCompile Include="..\..\..\source\node\Divide.cpp">
      <Filter>nodes\polygon</Filter>
    </ClCompile>
    <ClCompile Include="..\..\..\source\node\Python.cpp">
      <Filter>nodes\utility</Filter>
    </ClCompile>
    <ClCompile Include="..\..\..\source\PyParmValue.cpp">
      <Filter>serialize\python</Filter>
    </ClCompile>
    <ClCompile Include="..\..\..\source\node\AttributeVOP.cpp">
      <Filter>nodes\attribute</Filter>
    </ClCompile>
    <ClCompile Include="..\..\..\source\NodeParmsMgr.cpp">
      <Filter>dataset\parameters</Filter>
    </ClCompile>
    <ClCompile Include="..\..\..\source\node\ForeachPrimEnd.cpp">
      <Filter>nodes\utility</Filter>
    </ClCompile>
    <ClCompile Include="..\..\..\source\ParmList.cpp">
      <Filter>dataset\parameters</Filter>
    </ClCompile>
    <ClCompile Include="..\..\..\source\node\Subnetwork.cpp">
      <Filter>nodes\utility</Filter>
    </ClCompile>
  </ItemGroup>
  <ItemGroup>
    <None Include="..\..\..\include\sop\node\GroupCreate.parm.h">
      <Filter>nodes\group</Filter>
    </None>
  </ItemGroup>
</Project>