<?xml version="1.0" encoding="utf-8"?>
<Project ToolsVersion="4.0" xmlns="http://schemas.microsoft.com/developer/msbuild/2003">
  <ItemGroup>
    <ClCompile Include="..\..\..\test\main.cpp" />
    <ClCompile Include="..\..\..\test\utility.cpp" />
    <ClCompile Include="..\..\..\test\attribute_nodes.cpp">
      <Filter>nodes</Filter>
    </ClCompile>
    <ClCompile Include="..\..\..\test\manipulate_nodes.cpp">
      <Filter>nodes</Filter>
    </ClCompile>
    <ClCompile Include="..\..\..\test\nurbs_nodes.cpp">
      <Filter>nodes</Filter>
    </ClCompile>
    <ClCompile Include="..\..\..\test\polygon_nodes.cpp">
      <Filter>nodes</Filter>
    </ClCompile>
    <ClCompile Include="..\..\..\test\primitive_nodes.cpp">
      <Filter>nodes</Filter>
    </ClCompile>
    <ClCompile Include="..\..\..\test\utility_nodes.cpp">
      <Filter>nodes</Filter>
    </ClCompile>
    <ClCompile Include="..\..\..\test\group_nodes.cpp">
      <Filter>nodes</Filter>
    </ClCompile>
    <ClCompile Include="..\..\..\test\dataset_test.cpp">
      <Filter>others</Filter>
    </ClCompile>
    <ClCompile Include="..\..\..\test\funcs_test.cpp">
      <Filter>others</Filter>
    </ClCompile>
    <ClCompile Include="..\..\..\test\pyloader_test.cpp">
      <Filter>serialize</Filter>
    </ClCompile>
    <ClCompile Include="..\..\..\test\vex_test.cpp">
      <Filter>others</Filter>
    </ClCompile>
    <ClCompile Include="..\..\..\test\material_nodes.cpp">
      <Filter>nodes</Filter>
    </ClCompile>
  </ItemGroup>
  <ItemGroup>
    <ClInclude Include="..\..\..\test\utility.h" />
  </ItemGroup>
  <ItemGroup>
    <Filter Include="nodes">
      <UniqueIdentifier>{c618578f-6d7c-4274-af2e-2181a3bfba41}</UniqueIdentifier>
    </Filter>
    <Filter Include="others">
      <UniqueIdentifier>{910e6277-f04f-49ec-8004-fd311e90f75a}</UniqueIdentifier>
    </Filter>
    <Filter Include="serialize">
      <UniqueIdentifier>{f36da7f8-4b70-4583-8205-e7f6289fafa4}</UniqueIdentifier>
    </Filter>
  </ItemGroup>
</Project>